<?xml version="1.0" encoding="utf-8"?>
<Project ToolsVersion="4.0" xmlns="http://schemas.microsoft.com/developer/msbuild/2003">
  <ItemGroup>
    <Filter Include="win32">
      <UniqueIdentifier>{84a8ebd7-7cf0-47f6-b75e-d441df67da40}</UniqueIdentifier>
    </Filter>
    <Filter Include="resource">
      <UniqueIdentifier>{715254bc-d70b-4ec5-bf29-467dd3ace079}</UniqueIdentifier>
    </Filter>
    <Filter Include="src">
      <UniqueIdentifier>{bb6c862e-70e9-49d9-81b7-3829a6f50471}</UniqueIdentifier>
    </Filter>
    <Filter Include="src\application">
      <UniqueIdentifier>{c7aaee03-2370-4080-ba9d-e2795cf638ff}</UniqueIdentifier>
    </Filter>
    <Filter Include="src\scenes">
      <UniqueIdentifier>{46228654-0521-438c-ac70-5cb90865abed}</UniqueIdentifier>
    </Filter>
    <Filter Include="src\model">
      <UniqueIdentifier>{b5e975a6-e440-4715-a333-06f9f7c73fdb}</UniqueIdentifier>
    </Filter>
  </ItemGroup>
  <ItemGroup>
    <ClCompile Include="main.cpp">
      <Filter>win32</Filter>
    </ClCompile>
    <ClCompile Include="..\scripts\application\AppDelegate.cpp">
      <Filter>src\application</Filter>
    </ClCompile>
    <ClCompile Include="..\scripts\scenes\MainScene.cpp">
      <Filter>src\scenes</Filter>
    </ClCompile>
    <ClCompile Include="..\scripts\model\GameController.cpp">
      <Filter>src\model</Filter>
    </ClCompile>
  </ItemGroup>
  <ItemGroup>
    <ClInclude Include="main.h">
      <Filter>win32</Filter>
    </ClInclude>
    <ClInclude Include="..\scripts\application\AppDelegate.h">
      <Filter>src\application</Filter>
    </ClInclude>
    <ClInclude Include="..\scripts\scenes\MainScene.h">
      <Filter>src\scenes</Filter>
    </ClInclude>
    <ClInclude Include="..\scripts\model\GameController.h">
      <Filter>src\model</Filter>
    </ClInclude>
  </ItemGroup>
  <ItemGroup>
    <ResourceCompile Include="game.rc">
      <Filter>resource</Filter>
    </ResourceCompile>
  </ItemGroup>
</Project>